
Microsoft Visual Studio Solution File, Format Version 12.00
# Visual Studio Version 17
VisualStudioVersion = 17.7.34221.43
MinimumVisualStudioVersion = 10.0.40219.1
Project("{FAE04EC0-301F-11D3-BF4B-00C04F79EFBC}") = "GodotVolumetricRendering", "GodotVolumetricRendering.csproj", "{037856BC-74F0-4F7B-A955-148E5B14DF9D}"
EndProject
Global
	GlobalSection(SolutionConfigurationPlatforms) = preSolution
		Debug|Any CPU = Debug|Any CPU
		ExportDebug|Any CPU = ExportDebug|Any CPU
		ExportRelease|Any CPU = ExportRelease|Any CPU
	EndGlobalSection
	GlobalSection(ProjectConfigurationPlatforms) = postSolution
		{037856BC-74F0-4F7B-A955-148E5B14DF9D}.Debug|Any CPU.ActiveCfg = Debug|Any CPU
		{037856BC-74F0-4F7B-A955-148E5B14DF9D}.Debug|Any CPU.Build.0 = Debug|Any CPU
		{037856BC-74F0-4F7B-A955-148E5B14DF9D}.ExportDebug|Any CPU.ActiveCfg = ExportDebug|Any CPU
		{037856BC-74F0-4F7B-A955-148E5B14DF9D}.ExportDebug|Any CPU.Build.0 = ExportDebug|Any CPU
		{037856BC-74F0-4F7B-A955-148E5B14DF9D}.ExportRelease|Any CPU.ActiveCfg = ExportRelease|Any CPU
		{037856BC-74F0-4F7B-A955-148E5B14DF9D}.ExportRelease|Any CPU.Build.0 = ExportRelease|Any CPU
	EndGlobalSection
	GlobalSection(SolutionProperties) = preSolution
		HideSolutionNode = FALSE
	EndGlobalSection
	GlobalSection(ExtensibilityGlobals) = postSolution
		SolutionGuid = {28595933-3615-4FC7-97F4-8832B9A26F1A}
	EndGlobalSection
EndGlobal
