Microsoft Visual Studio Solution File, Format Version 12.00
# Visual Studio 2012
Project("{FAE04EC0-301F-11D3-BF4B-00C04F79EFBC}") = "GodotVolumetricRendering", "GodotVolumetricRendering.csproj", "{3503B797-C35A-4320-8837-2D41F8D2B18B}"
EndProject
Global
	GlobalSection(SolutionConfigurationPlatforms) = preSolution
	Debug|Any CPU = Debug|Any CPU
	ExportDebug|Any CPU = ExportDebug|Any CPU
	ExportRelease|Any CPU = ExportRelease|Any CPU
	EndGlobalSection
	GlobalSection(ProjectConfigurationPlatforms) = postSolution
		{3503B797-C35A-4320-8837-2D41F8D2B18B}.Debug|Any CPU.ActiveCfg = Debug|Any CPU
		{3503B797-C35A-4320-8837-2D41F8D2B18B}.Debug|Any CPU.Build.0 = Debug|Any CPU
		{3503B797-C35A-4320-8837-2D41F8D2B18B}.ExportDebug|Any CPU.ActiveCfg = ExportDebug|Any CPU
		{3503B797-C35A-4320-8837-2D41F8D2B18B}.ExportDebug|Any CPU.Build.0 = ExportDebug|Any CPU
		{3503B797-C35A-4320-8837-2D41F8D2B18B}.ExportRelease|Any CPU.ActiveCfg = ExportRelease|Any CPU
		{3503B797-C35A-4320-8837-2D41F8D2B18B}.ExportRelease|Any CPU.Build.0 = ExportRelease|Any CPU
	EndGlobalSection
EndGlobal
